{
    "_readme": [
        "This file locks the dependencies of your project to a known state",
        "Read more about it at https://getcomposer.org/doc/01-basic-usage.md#installing-dependencies",
        "This file is @generated automatically"
    ],
    "content-hash": "91ff2e4e8dd62cd82417b11e22d16c5d",
    "packages": [],
    "packages-dev": [
        {
            "name": "adhocore/jwt",
            "version": "1.1.3",
            "source": {
                "type": "git",
                "url": "https://github.com/adhocore/php-jwt.git",
                "reference": "ad417603d9d45578b6af2089ad5b78f101c82367"
            },
            "dist": {
                "type": "zip",
                "url": "https://api.github.com/repos/adhocore/php-jwt/zipball/ad417603d9d45578b6af2089ad5b78f101c82367",
                "reference": "ad417603d9d45578b6af2089ad5b78f101c82367",
                "shasum": ""
            },
            "require": {
                "php": "^7.0 || ^8.0"
            },
            "require-dev": {
                "phpunit/phpunit": "^7.5 || ^8.5"
            },
            "type": "library",
            "autoload": {
                "psr-4": {
                    "Ahc\\Jwt\\": "src/"
                }
            },
            "notification-url": "https://packagist.org/downloads/",
            "license": [
                "MIT"
            ],
            "authors": [
                {
                    "name": "Jitendra Adhikari",
                    "email": "jiten.adhikary@gmail.com"
                }
            ],
            "description": "Ultra lightweight JSON web token (JWT) library for PHP5.5+.",
            "keywords": [
                "auth",
                "json-web-token",
                "jwt",
                "jwt-auth",
                "jwt-php",
                "token"
            ],
            "support": {
                "issues": "https://github.com/adhocore/php-jwt/issues",
                "source": "https://github.com/adhocore/php-jwt/tree/1.1.3"
            },
            "funding": [
                {
                    "url": "https://paypal.me/ji10",
                    "type": "custom"
                },
                {
                    "url": "https://github.com/adhocore",
                    "type": "github"
                }
            ],
            "time": "2025-02-18T01:00:50+00:00"
        },
        {
            "name": "composer/installers",
            "version": "v1.12.0",
            "source": {
                "type": "git",
                "url": "https://github.com/composer/installers.git",
                "reference": "d20a64ed3c94748397ff5973488761b22f6d3f19"
            },
            "dist": {
                "type": "zip",
                "url": "https://api.github.com/repos/composer/installers/zipball/d20a64ed3c94748397ff5973488761b22f6d3f19",
                "reference": "d20a64ed3c94748397ff5973488761b22f6d3f19",
                "shasum": ""
            },
            "require": {
                "composer-plugin-api": "^1.0 || ^2.0"
            },
            "replace": {
                "roundcube/plugin-installer": "*",
                "shama/baton": "*"
            },
            "require-dev": {
                "composer/composer": "1.6.* || ^2.0",
                "composer/semver": "^1 || ^3",
                "phpstan/phpstan": "^0.12.55",
                "phpstan/phpstan-phpunit": "^0.12.16",
                "symfony/phpunit-bridge": "^4.2 || ^5",
                "symfony/process": "^2.3"
            },
            "type": "composer-plugin",
            "extra": {
                "class": "Composer\\Installers\\Plugin",
                "branch-alias": {
                    "dev-main": "1.x-dev"
                }
            },
            "autoload": {
                "psr-4": {
                    "Composer\\Installers\\": "src/Composer/Installers"
                }
            },
            "notification-url": "https://packagist.org/downloads/",
            "license": [
                "MIT"
            ],
            "authors": [
                {
                    "name": "Kyle Robinson Young",
                    "email": "kyle@dontkry.com",
                    "homepage": "https://github.com/shama"
                }
            ],
            "description": "A multi-framework Composer library installer",
            "homepage": "https://composer.github.io/installers/",
            "keywords": [
                "Craft",
                "Dolibarr",
                "Eliasis",
                "Hurad",
                "ImageCMS",
                "Kanboard",
                "Lan Management System",
                "MODX Evo",
                "MantisBT",
                "Mautic",
                "Maya",
                "OXID",
                "Plentymarkets",
                "Porto",
                "RadPHP",
                "SMF",
                "Starbug",
                "Thelia",
                "Whmcs",
                "WolfCMS",
                "agl",
                "aimeos",
                "annotatecms",
                "attogram",
                "bitrix",
                "cakephp",
                "chef",
                "cockpit",
                "codeigniter",
                "concrete5",
                "croogo",
                "dokuwiki",
                "drupal",
                "eZ Platform",
                "elgg",
                "expressionengine",
                "fuelphp",
                "grav",
                "installer",
                "itop",
                "joomla",
                "known",
                "kohana",
                "laravel",
                "lavalite",
                "lithium",
                "magento",
                "majima",
                "mako",
                "mediawiki",
                "miaoxing",
                "modulework",
                "modx",
                "moodle",
                "osclass",
                "pantheon",
                "phpbb",
                "piwik",
                "ppi",
                "processwire",
                "puppet",
                "pxcms",
                "reindex",
                "roundcube",
                "shopware",
                "silverstripe",
                "sydes",
                "sylius",
                "symfony",
                "tastyigniter",
                "typo3",
                "wordpress",
                "yawik",
                "zend",
                "zikula"
            ],
            "support": {
                "issues": "https://github.com/composer/installers/issues",
                "source": "https://github.com/composer/installers/tree/v1.12.0"
            },
            "funding": [
                {
                    "url": "https://packagist.com",
                    "type": "custom"
                },
                {
                    "url": "https://github.com/composer",
                    "type": "github"
                },
                {
                    "url": "https://tidelift.com/funding/github/packagist/composer/composer",
                    "type": "tidelift"
                }
            ],
            "time": "2021-09-13T08:19:44+00:00"
        },
        {
            "name": "wordpress-meta/pub",
            "version": "1",
            "source": {
                "type": "svn",
                "url": "https://meta.svn.wordpress.org/sites/",
                "reference": "trunk/wordpress.org/public_html/wp-content/mu-plugins/pub/"
            },
            "type": "wordpress-muplugin"
        },
        {
            "name": "wporg/wporg-mu-plugins",
            "version": "dev-trunk",
            "source": {
                "type": "git",
                "url": "https://github.com/WordPress/wporg-mu-plugins.git",
                "reference": "8ccf21ca4714dd89b420b8f5f62e9d718eea3f1d"
            },
            "dist": {
                "type": "zip",
                "url": "https://api.github.com/repos/WordPress/wporg-mu-plugins/zipball/8ccf21ca4714dd89b420b8f5f62e9d718eea3f1d",
                "reference": "8ccf21ca4714dd89b420b8f5f62e9d718eea3f1d",
                "shasum": ""
            },
            "require": {
                "adhocore/jwt": "^1.0"
            },
            "require-dev": {
                "composer/installers": "~1.0",
                "dealerdirect/phpcodesniffer-composer-installer": "^0.7.0",
                "phpcompatibility/phpcompatibility-wp": "*",
                "phpunit/phpunit": "^9.5",
                "wp-coding-standards/wpcs": "2.*",
                "wp-phpunit/wp-phpunit": "~6.0",
                "wporg/wporg-repo-tools": "dev-trunk",
                "yoast/phpunit-polyfills": "^1.1"
            },
            "default-branch": true,
            "type": "wordpress-muplugin",
            "extra": {
                "sync-svn": {
                    "main-branch": "trunk",
                    "paths": {
                        "mu-plugins/": "https://dotorg.svn.wordpress.org/wordpress/website/wp-content/mu-plugins/pub-sync/"
                    }
                }
            },
            "scripts": {
                "format": [
                    "phpcbf -p"
                ],
                "lint": [
                    "phpcs"
                ]
            },
            "license": [
                "GPL-2.0-or-later"
            ],
            "description": "`mu-plugins` for the WordPress.org network",
            "support": {
                "source": "https://github.com/WordPress/wporg-mu-plugins/tree/trunk",
                "issues": "https://github.com/WordPress/wporg-mu-plugins/issues"
            },
            "time": "2026-05-13T07:28:16+00:00"
        }
    ],
    "aliases": [],
    "minimum-stability": "stable",
    "stability-flags": {
        "wporg/wporg-mu-plugins": 20
    },
    "prefer-stable": false,
    "prefer-lowest": false,
    "platform": {},
    "platform-dev": {},
    "platform-overrides": {
        "php": "8.4"
    },
    "plugin-api-version": "2.9.0"
}
