{
    "_readme": [
        "This file locks the dependencies of your project to a known state",
        "Read more about it at https://getcomposer.org/doc/01-basic-usage.md#installing-dependencies",
        "This file is @generated automatically"
    ],
    "content-hash": "b009215aa12b121d476adf3fb4af56a7",
    "packages": [],
    "packages-dev": [
        {
            "name": "wp-phpunit/wp-phpunit",
            "version": "5.7.2",
            "source": {
                "type": "git",
                "url": "https://github.com/wp-phpunit/wp-phpunit.git",
                "reference": "5ab77c1e1328e9bee65f60c246e33b13fc202375"
            },
            "dist": {
                "type": "zip",
                "url": "https://api.github.com/repos/wp-phpunit/wp-phpunit/zipball/5ab77c1e1328e9bee65f60c246e33b13fc202375",
                "reference": "5ab77c1e1328e9bee65f60c246e33b13fc202375",
                "shasum": ""
            },
            "type": "library",
            "autoload": {
                "files": [
                    "__loaded.php"
                ]
            },
            "notification-url": "https://packagist.org/downloads/",
            "license": [
                "GPL-2.0-or-later"
            ],
            "authors": [
                {
                    "name": "Evan Mattson",
                    "email": "me@aaemnnost.tv"
                },
                {
                    "name": "WordPress Community",
                    "homepage": "https://wordpress.org/about/"
                }
            ],
            "description": "WordPress core PHPUnit library",
            "homepage": "https://github.com/wp-phpunit",
            "keywords": [
                "phpunit",
                "test",
                "wordpress"
            ],
            "support": {
                "docs": "https://github.com/wp-phpunit/docs",
                "issues": "https://github.com/wp-phpunit/issues",
                "source": "https://github.com/wp-phpunit/wp-phpunit"
            },
            "time": "2021-03-10T17:57:07+00:00"
        }
    ],
    "aliases": [],
    "minimum-stability": "stable",
    "stability-flags": [],
    "prefer-stable": false,
    "prefer-lowest": false,
    "platform": [],
    "platform-dev": [],
    "plugin-api-version": "2.0.0"
}
